{
  "requires": true,
  "lockfileVersion": 1,
  "dependencies": {
    "@hevv1/project-base-structure": {
      "version": "1.1.7",
      "resolved": "https://registry.npmjs.org/@hevv1/project-base-structure/-/project-base-structure-1.1.7.tgz",
      "integrity": "sha512-/bJvqEd2Tp2FaBAGrTZFsm9CmowAOVn36oHDS9TEwMDODpBD6Uyl4NsHgSFLxwewCHZjxuliIPMmr3XeBfEsWw=="
    }
  }
}
